github.com/BurntSushi/toml v0.3.1/go.mod h1:xHWCNGjB5oqiDr8zfno3MHue2Ht5sIBksp03qcyfWMU=
github.com/PuerkitoBio/goquery v1.5.1 h1:PSPBGne8NIUWw+/7vFBV+kG2J/5MOjbzc7154OaKCSE=
github.com/PuerkitoBio/goquery v1.5.1/go.mod h1:GsLWisAFVj4WgDibEWF4pvYnkVQBpKBKeU+7zCJoLcc=
github.com/andybalholm/cascadia v1.1.0 h1:BuuO6sSfQNFRu1LppgbD25Hr2vLYW25JvxHs5zzsLTo=
github.com/andybalholm/cascadia v1.1.0/go.mod h1:GsXiBklL0woXo1j/WYWtSYYC4ouU9PqHO0sqidkEA4Y=
github.com/cjsmocjsmo/movgo v0.1.0 h1:dZWqEA3H6zUKaeySRLj/lyqGoM1Czh4EXcWd8xpnwYs=
github.com/cjsmocjsmo/movgo v0.1.0/go.mod h1:8gap/s3NlmifvhCVkxlZt9y3iXuCGsj+XTV4AdptRXo=
github.com/cjsmocjsmo/movgo v0.1.1 h1:N2aHPV76rza6JXpCbe6NwvWoIexnk9Tw90z6BABuGEg=
github.com/cjsmocjsmo/movgo v0.1.1/go.mod h1:8gap/s3NlmifvhCVkxlZt9y3iXuCGsj+XTV4AdptRXo=
github.com/cjsmocjsmo/movgo v0.1.2 h1:GEj+SX2YNM98RmrHTTdUAXWhFtjGRi8BJOQnSf2h+Q8=
github.com/cjsmocjsmo/movgo v0.1.2/go.mod h1:8gap/s3NlmifvhCVkxlZt9y3iXuCGsj+XTV4AdptRXo=
github.com/cjsmocjsmo/movgo v0.1.3 h1:e8Z9Oe9edC+nnEYhmi5Rz1nshrG/bfC16/MNQH3x7Z4=
github.com/cjsmocjsmo/movgo v0.1.3/go.mod h1:8gap/s3NlmifvhCVkxlZt9y3iXuCGsj+XTV4AdptRXo=
github.com/cjsmocjsmo/movgo v0.1.4 h1:qBgha2jm4G6QJMr6rZ901ueTDu5/YTHayQtvsFrX9Cc=
github.com/cjsmocjsmo/movgo v0.1.4/go.mod h1:8gap/s3NlmifvhCVkxlZt9y3iXuCGsj+XTV4AdptRXo=
github.com/cjsmocjsmo/movgo v0.1.5 h1:Hcxw9DU24xWT936yYmApt0Irv+f34FfydviCm4VqISU=
github.com/cjsmocjsmo/movgo v0.1.5/go.mod h1:8gap/s3NlmifvhCVkxlZt9y3iXuCGsj+XTV4AdptRXo=
github.com/cjsmocjsmo/movgo v0.1.6 h1:J7cV+F5kyaiU4Oc6FycXh+5A4gHZrrZXGO0VMbCdoQ4=
github.com/cjsmocjsmo/movgo v0.1.6/go.mod h1:8gap/s3NlmifvhCVkxlZt9y3iXuCGsj+XTV4AdptRXo=
github.com/cjsmocjsmo/movgo v0.1.7 h1:2rFCbHb+Dhkstu9A95DIg24SjbbWwyoxiFhrmgcLxqE=
github.com/cjsmocjsmo/movgo v0.1.7/go.mod h1:8gap/s3NlmifvhCVkxlZt9y3iXuCGsj+XTV4AdptRXo=
github.com/cjsmocjsmo/movgo v0.1.8 h1:1FhVZmIusV+3ktArpVIZmlFR+w9vQgRKDQyyax5JKr0=
github.com/cjsmocjsmo/movgo v0.1.8/go.mod h1:8gap/s3NlmifvhCVkxlZt9y3iXuCGsj+XTV4AdptRXo=
github.com/cjsmocjsmo/movgo v0.1.9 h1:5q2/vHy7pL3POyGk6ChOZDFVr5Rj/zvGiwlro/Eg/Ms=
github.com/cjsmocjsmo/movgo v0.1.9/go.mod h1:8gap/s3NlmifvhCVkxlZt9y3iXuCGsj+XTV4AdptRXo=
github.com/cjsmocjsmo/movgo v0.2.0 h1:hB3QTt6R27YfZukFK5w9ksOdOtcc7vpqfto+WWIASTw=
github.com/cjsmocjsmo/movgo v0.2.0/go.mod h1:8gap/s3NlmifvhCVkxlZt9y3iXuCGsj+XTV4AdptRXo=
github.com/cjsmocjsmo/movgo v0.2.1 h1:UqLDoev6wh3bNVhT70fBb9aGA5V9MP5Kjxrip3uajU4=
github.com/cjsmocjsmo/movgo v0.2.1/go.mod h1:zhn+26s/tNVQfThCT36kqW+nm346K4Lx2+fRi7W0OHU=
github.com/cjsmocjsmo/movgo v0.2.2 h1:mFePblyVE0+G93x1Lc1Kp1NSoDwzPC5Xc8IIRSps038=
github.com/cjsmocjsmo/movgo v0.2.2/go.mod h1:zhn+26s/tNVQfThCT36kqW+nm346K4Lx2+fRi7W0OHU=
github.com/cjsmocjsmo/movgo v0.2.3 h1:6mIERNc+uxloIcq/IINpugJ4wSZnFmXJvSxZF/l2NwA=
github.com/cjsmocjsmo/movgo v0.2.3/go.mod h1:zhn+26s/tNVQfThCT36kqW+nm346K4Lx2+fRi7W0OHU=
github.com/cjsmocjsmo/movgo v0.2.4 h1:aWpAKAHPzRDKp/anJyJMo3opG/rrYsZYjveRRicj9I0=
github.com/cjsmocjsmo/movgo v0.2.4/go.mod h1:zhn+26s/tNVQfThCT36kqW+nm346K4Lx2+fRi7W0OHU=
github.com/cjsmocjsmo/movgo v0.2.5 h1:F6qRqwvvQhnHoiCT3RkMaSaZHET3rsg9kWGyn9c+SWI=
github.com/cjsmocjsmo/movgo v0.2.5/go.mod h1:zhn+26s/tNVQfThCT36kqW+nm346K4Lx2+fRi7W0OHU=
github.com/cjsmocjsmo/movgo v0.2.6 h1:kRzK39jOtEOhZEJBHZBbHC90lFGW+0oRFiT6OkbYrP0=
github.com/cjsmocjsmo/movgo v0.2.6/go.mod h1:zhn+26s/tNVQfThCT36kqW+nm346K4Lx2+fRi7W0OHU=
github.com/cjsmocjsmo/tvgo v0.2.9 h1:UhE0Nltzvtj09GwCYWVI3N2S9uIn7j1jsW0PXHHh4Lc=
github.com/cjsmocjsmo/tvgo v0.2.9/go.mod h1:UKGGgCCixo4JQl16/h1CycWKFJI5mlL6GKCAOE/RHNw=
github.com/cjsmocjsmo/tvgo v0.3.1 h1:xO8LjYqNAZ6Hxkq/yfNfJJCog4Ah4us0NufkGl1pgKU=
github.com/cjsmocjsmo/tvgo v0.3.1/go.mod h1:UKGGgCCixo4JQl16/h1CycWKFJI5mlL6GKCAOE/RHNw=
github.com/cjsmocjsmo/tvgo v0.3.2 h1:cuviaA6M0ytApeh+Gx+ImWrOERBHhpxHi8nGtMLEIYo=
github.com/cjsmocjsmo/tvgo v0.3.2/go.mod h1:UKGGgCCixo4JQl16/h1CycWKFJI5mlL6GKCAOE/RHNw=
github.com/cjsmocjsmo/tvgo v0.3.3 h1:xuP7GZzwR9jomhzkiXTiBX7SJd5ZJJ5EHb12WNeJSTw=
github.com/cjsmocjsmo/tvgo v0.3.3/go.mod h1:UKGGgCCixo4JQl16/h1CycWKFJI5mlL6GKCAOE/RHNw=
github.com/cjsmocjsmo/tvgo v0.3.4 h1:E1LmVW/zzVR01YqpM0I3s8OddqMpn8r0Aw5ctxTjGyI=
github.com/cjsmocjsmo/tvgo v0.3.4/go.mod h1:UKGGgCCixo4JQl16/h1CycWKFJI5mlL6GKCAOE/RHNw=
github.com/cjsmocjsmo/tvgo v0.3.7 h1:wHE08/Fb6GteakUqpoEbL5yEyQu0jG5WsI4m6L9YOrk=
github.com/cjsmocjsmo/tvgo v0.3.7/go.mod h1:UKGGgCCixo4JQl16/h1CycWKFJI5mlL6GKCAOE/RHNw=
github.com/cjsmocjsmo/tvgo v0.3.8 h1:o1BTZg0hxKd5CtrNhMW2Ful5CItkvgwLb3bbY2ZzRaA=
github.com/cjsmocjsmo/tvgo v0.3.8/go.mod h1:UKGGgCCixo4JQl16/h1CycWKFJI5mlL6GKCAOE/RHNw=
github.com/cjsmocjsmo/tvgo v0.3.9 h1:0Phx91fOJQMEcmHxsce2FHly7IS3uycdZ8fpZxDrwnA=
github.com/cjsmocjsmo/tvgo v0.3.9/go.mod h1:UKGGgCCixo4JQl16/h1CycWKFJI5mlL6GKCAOE/RHNw=
github.com/cjsmocjsmo/tvgo v0.4.0 h1:R4Fwz/OVHjTyobn68EoPhEFCZEhdNiwWjmsgb2CV/zs=
github.com/cjsmocjsmo/tvgo v0.4.0/go.mod h1:UKGGgCCixo4JQl16/h1CycWKFJI5mlL6GKCAOE/RHNw=
github.com/cjsmocjsmo/tvgo v0.4.1 h1:LyG+bID5MQJvXsZeBUdNM1QtqIijaaVk5M6Gaon619c=
github.com/cjsmocjsmo/tvgo v0.4.1/go.mod h1:UKGGgCCixo4JQl16/h1CycWKFJI5mlL6GKCAOE/RHNw=
github.com/cjsmocjsmo/tvgo v0.4.3 h1:lH4WDB797lNcmT/tpgnxFdBZeXRuaU1PxXGNQgKoeto=
github.com/cjsmocjsmo/tvgo v0.4.3/go.mod h1:UKGGgCCixo4JQl16/h1CycWKFJI5mlL6GKCAOE/RHNw=
github.com/cjsmocjsmo/tvgo v0.4.4 h1:z9GV9DgJ8LZaQkTvQ/7djRXO60uQ8UH+1A/Q3Rg/aI4=
github.com/cjsmocjsmo/tvgo v0.4.4/go.mod h1:UKGGgCCixo4JQl16/h1CycWKFJI5mlL6GKCAOE/RHNw=
github.com/cjsmocjsmo/tvgo v0.4.5 h1:LsCUJDI5B9JzEkr6bEtU51IzN1QrAxX0Zyk404cQtDg=
github.com/cjsmocjsmo/tvgo v0.4.5/go.mod h1:UKGGgCCixo4JQl16/h1CycWKFJI5mlL6GKCAOE/RHNw=
github.com/cjsmocjsmo/tvgo v0.4.6 h1:8ehkEYgem9/+LQkOYItuHmmsR5lwLXhtgN7T6+iL/Yc=
github.com/cjsmocjsmo/tvgo v0.4.6/go.mod h1:UKGGgCCixo4JQl16/h1CycWKFJI5mlL6GKCAOE/RHNw=
github.com/cjsmocjsmo/tvgo v0.4.7 h1:0V9pzGFtX2amCx8OPfFBkod5yTasOfb44LK03fwbvSE=
github.com/cjsmocjsmo/tvgo v0.4.7/go.mod h1:UKGGgCCixo4JQl16/h1CycWKFJI5mlL6GKCAOE/RHNw=
github.com/cjsmocjsmo/tvgo v0.5.0 h1:I7JUfHwq99hC/Eie5rpE+FQsF2StfqMM2RyFaVi9zzs=
github.com/cjsmocjsmo/tvgo v0.5.0/go.mod h1:UKGGgCCixo4JQl16/h1CycWKFJI5mlL6GKCAOE/RHNw=
github.com/cjsmocjsmo/tvgo v0.5.1 h1:Al3tSMYrap+2QkBh2uXdhff1VOWyizjcKpTZMd3yGe4=
github.com/cjsmocjsmo/tvgo v0.5.1/go.mod h1:UKGGgCCixo4JQl16/h1CycWKFJI5mlL6GKCAOE/RHNw=
github.com/cjsmocjsmo/tvgo v0.5.2 h1:FBnVPx8ze83oNdcVC528ShKj5zWHbdUnXUdgyMsS2hk=
github.com/cjsmocjsmo/tvgo v0.5.2/go.mod h1:UKGGgCCixo4JQl16/h1CycWKFJI5mlL6GKCAOE/RHNw=
github.com/cpuguy83/go-md2man/v2 v2.0.0-20190314233015-f79a8a8ca69d/go.mod h1:maD7wRr/U5Z6m/iR4s+kqSMx2CaBsrgA7czyZG/E6dU=
github.com/davecgh/go-spew v1.1.0/go.mod h1:J7Y8YcW2NihsgmVo/mv3lAwl/skON4iLHjSsI+c5H38=
github.com/davecgh/go-spew v1.1.1/go.mod h1:J7Y8YcW2NihsgmVo/mv3lAwl/skON4iLHjSsI+c5H38=
github.com/disintegration/imaging v1.6.2 h1:w1LecBlG2Lnp8B3jk5zSuNqd7b4DXhcjwek1ei82L+c=
github.com/disintegration/imaging v1.6.2/go.mod h1:44/5580QXChDfwIclfc/PCwrr44amcmDAg8hxG0Ewe4=
github.com/felixge/httpsnoop v1.0.1 h1:lvB5Jl89CsZtGIWuTcDM1E/vkVs49/Ml7JJe07l8SPQ=
github.com/felixge/httpsnoop v1.0.1/go.mod h1:m8KPJKqk1gH5J9DgRY2ASl2lWCfGKXixSwevea8zH2U=
github.com/globalsign/mgo v0.0.0-20181015135952-eeefdecb41b8 h1:DujepqpGd1hyOd7aW59XpK7Qymp8iy83xq74fLr21is=
github.com/globalsign/mgo v0.0.0-20181015135952-eeefdecb41b8/go.mod h1:xkRDCp4j0OGD1HRkm4kmhM+pmpv3AKq5SU7GMg4oO/Q=
github.com/google/gofuzz v1.0.0/go.mod h1:dBl0BpW6vV/+mYPU4Po3pmUjxk6FQPldtuIdl/M65Eg=
github.com/gorilla/handlers v1.5.1 h1:9lRY6j8DEeeBT10CvO9hGW0gmky0BprnvDI5vfhUHH4=
github.com/gorilla/handlers v1.5.1/go.mod h1:t8XrUpc4KVXb7HGyJ4/cEnwQiaxrX/hz1Zv/4g96P1Q=
github.com/gorilla/mux v1.8.0 h1:i40aqfkR1h2SlN9hojwV5ZA91wcXFOvkdNIeFDP5koI=
github.com/gorilla/mux v1.8.0/go.mod h1:DVbg23sWSpFRCP0SfiEN6jmj59UnW/n46BH5rLB71So=
github.com/json-iterator/go v1.1.10 h1:Kz6Cvnvv2wGdaG/V8yMvfkmNiXq9Ya2KUv4rouJJr68=
github.com/json-iterator/go v1.1.10/go.mod h1:KdQUCv79m/52Kvf8AW2vK1V8akMuk1QjK/uOdHXbAo4=
github.com/mmcdole/gofeed v1.1.0 h1:T2WrGLVJRV04PY2qwhEJLHCt9JiCtBhb6SmC8ZvJH08=
github.com/mmcdole/gofeed v1.1.0/go.mod h1:PPiVwgDXLlz2N83KB4TrIim2lyYM5Zn7ZWH9Pi4oHUk=
github.com/mmcdole/goxpp v0.0.0-20181012175147-0068e33feabf h1:sWGE2v+hO0Nd4yFU/S/mDBM5plIU8v/Qhfz41hkDIAI=
github.com/mmcdole/goxpp v0.0.0-20181012175147-0068e33feabf/go.mod h1:pasqhqstspkosTneA62Nc+2p9SOBBYAPbnmRRWPQ0V8=
github.com/modern-go/concurrent v0.0.0-20180228061459-e0a39a4cb421 h1:ZqeYNhU3OHLH3mGKHDcjJRFFRrJa6eAM5H+CtDdOsPc=
github.com/modern-go/concurrent v0.0.0-20180228061459-e0a39a4cb421/go.mod h1:6dJC0mAP4ikYIbvyc7fijjWJddQyLn8Ig3JB5CqoB9Q=
github.com/modern-go/reflect2 v0.0.0-20180701023420-4b7aa43c6742 h1:Esafd1046DLDQ0W1YjYsBW+p8U2u7vzgW2SQVmlNazg=
github.com/modern-go/reflect2 v0.0.0-20180701023420-4b7aa43c6742/go.mod h1:bx2lNnkwVCuqBIxFjflWJWanXIb3RllmbCylyMrvgv0=
github.com/pmezard/go-difflib v1.0.0/go.mod h1:iKH77koFhYxTK1pcRnkKkqfTogsbg7gZNVY4sRDYZ/4=
github.com/russross/blackfriday/v2 v2.0.1/go.mod h1:+Rmxgy9KzJVeS9/2gXHxylqXiyQDYRxCVz55jmeOWTM=
github.com/shurcooL/sanitized_anchor_name v1.0.0/go.mod h1:1NzhyTcUVG4SuEtjjoZeVRXNmyL/1OwPU0+IJeTBvfc=
github.com/stretchr/objx v0.1.0/go.mod h1:HFkY916IF+rwdDfMAkV7OtwuqBVzrE8GR6GFx+wExME=
github.com/stretchr/testify v1.3.0/go.mod h1:M5WIy9Dh21IEIfnGCwXGc5bZfKNJtfHm1UVUgZn+9EI=
github.com/urfave/cli v1.22.3/go.mod h1:Gos4lmkARVdJ6EkW0WaNv/tZAAMe9V7XWyB60NtXRu0=
golang.org/x/crypto v0.0.0-20190308221718-c2843e01d9a2/go.mod h1:djNgcEr1/C05ACkg1iLfiJU5Ep61QUkGW8qpdssI0+w=
golang.org/x/image v0.0.0-20191009234506-e7c1f5e7dbb8/go.mod h1:FeLwcggjj3mMvU+oOTbSwawSJRM1uh48EjtB4UJZlP0=
golang.org/x/image v0.0.0-20210220032944-ac19c3e999fb h1:fqpd0EBDzlHRCjiphRR5Zo/RSWWQlWv34418dnEixWk=
golang.org/x/image v0.0.0-20210220032944-ac19c3e999fb/go.mod h1:FeLwcggjj3mMvU+oOTbSwawSJRM1uh48EjtB4UJZlP0=
golang.org/x/image v0.0.0-20210504121937-7319ad40d33e h1:PzJMNfFQx+QO9hrC1GwZ4BoPGeNGhfeQEgcQFArEjPk=
golang.org/x/image v0.0.0-20210504121937-7319ad40d33e/go.mod h1:FeLwcggjj3mMvU+oOTbSwawSJRM1uh48EjtB4UJZlP0=
golang.org/x/net v0.0.0-20180218175443-cbe0f9307d01/go.mod h1:mL1N/T3taQHkDXs73rZJwtUhF3w3ftmwwsq0BUmARs4=
golang.org/x/net v0.0.0-20200202094626-16171245cfb2/go.mod h1:z5CRVTTTmAJ677TzLLGU+0bjPO0LkuOLi4/5GtJWs/s=
golang.org/x/net v0.0.0-20200301022130-244492dfa37a h1:GuSPYbZzB5/dcLNCwLQLsg3obCJtX9IJhpXkvY7kzk0=
golang.org/x/net v0.0.0-20200301022130-244492dfa37a/go.mod h1:z5CRVTTTmAJ677TzLLGU+0bjPO0LkuOLi4/5GtJWs/s=
golang.org/x/sys v0.0.0-20190215142949-d0b11bdaac8a/go.mod h1:STP8DvDyc/dI5b8T5hshtkjS+E42TnysNCUPdjciGhY=
golang.org/x/text v0.3.0/go.mod h1:NqM8EUOU14njkJ3fqMW+pc6Ldnwhi/IjpwHt7yyuwOQ=
golang.org/x/text v0.3.2 h1:tW2bmiBqwgJj/UpqtC8EpXEZVYOwU0yG4iWbprSVAcs=
golang.org/x/text v0.3.2/go.mod h1:bEr9sfX3Q8Zfm5fL9x+3itogRgK3+ptLWKqgva+5dAk=
golang.org/x/tools v0.0.0-20180917221912-90fa682c2a6e/go.mod h1:n7NCudcB/nEzxVGmLbDWY5pfWTLqBcC2KZ6jyYvM4mQ=
gopkg.in/check.v1 v0.0.0-20161208181325-20d25e280405/go.mod h1:Co6ibVJAznAaIkqp8huTwlJQCZ016jof/cbN4VW5Yz0=
gopkg.in/mgo.v2 v2.0.0-20190816093944-a6b53ec6cb22 h1:VpOs+IwYnYBaFnrNAeB8UUWtL3vEUnzSCL1nVjPhqrw=
gopkg.in/mgo.v2 v2.0.0-20190816093944-a6b53ec6cb22/go.mod h1:yeKp02qBN3iKW1OzL3MGk2IdtZzaj7SFntXj72NppTA=
gopkg.in/yaml.v2 v2.2.2/go.mod h1:hI93XBmqTisBFMUTm0b8Fm+jr3Dg1NNxqwp+5A1VGuI=
